
Microsoft Visual Studio Solution File, Format Version 12.00
# Visual Studio 2012
Project("{FAE04EC0-301F-11D3-BF4B-00C04F79EFBC}") = "second_part_of_second_work", "second_part_of_second_work\second_part_of_second_work.csproj", "{8D965F28-197D-43F3-9F8D-2072FD24BEAF}"
EndProject
Global
	GlobalSection(SolutionConfigurationPlatforms) = preSolution
		Debug|x86 = Debug|x86
		Release|x86 = Release|x86
	EndGlobalSection
	GlobalSection(ProjectConfigurationPlatforms) = postSolution
		{8D965F28-197D-43F3-9F8D-2072FD24BEAF}.Debug|x86.ActiveCfg = Debug|x86
		{8D965F28-197D-43F3-9F8D-2072FD24BEAF}.Debug|x86.Build.0 = Debug|x86
		{8D965F28-197D-43F3-9F8D-2072FD24BEAF}.Release|x86.ActiveCfg = Release|x86
		{8D965F28-197D-43F3-9F8D-2072FD24BEAF}.Release|x86.Build.0 = Release|x86
	EndGlobalSection
	GlobalSection(MonoDevelopProperties) = preSolution
		StartupItem = second_part_of_second_work\second_part_of_second_work.csproj
	EndGlobalSection
EndGlobal
