
Microsoft Visual Studio Solution File, Format Version 12.00
# Visual Studio 2012
Project("{FAE04EC0-301F-11D3-BF4B-00C04F79EFBC}") = "sem_ayap_1", "sem_ayap_1\sem_ayap_1.csproj", "{2174CA94-704F-4958-9FF9-770434298496}"
EndProject
Global
	GlobalSection(SolutionConfigurationPlatforms) = preSolution
		Debug|x86 = Debug|x86
		Release|x86 = Release|x86
	EndGlobalSection
	GlobalSection(ProjectConfigurationPlatforms) = postSolution
		{2174CA94-704F-4958-9FF9-770434298496}.Debug|x86.ActiveCfg = Debug|x86
		{2174CA94-704F-4958-9FF9-770434298496}.Debug|x86.Build.0 = Debug|x86
		{2174CA94-704F-4958-9FF9-770434298496}.Release|x86.ActiveCfg = Release|x86
		{2174CA94-704F-4958-9FF9-770434298496}.Release|x86.Build.0 = Release|x86
	EndGlobalSection
	GlobalSection(MonoDevelopProperties) = preSolution
		StartupItem = sem_ayap_1\sem_ayap_1.csproj
	EndGlobalSection
EndGlobal
